
Microsoft Visual Studio Solution File, Format Version 12.00
# Visual Studio Version 16
VisualStudioVersion = 16.0.28803.202
MinimumVisualStudioVersion = 10.0.40219.1
Project("{FAE04EC0-301F-11D3-BF4B-00C04F79EFBC}") = "cartest2", "cartest2\cartest2.csproj", "{44F4B54B-39AF-4ACB-B604-40FDD1A88A96}"
EndProject
Global
	GlobalSection(SolutionConfigurationPlatforms) = preSolution
		Debug|Any CPU = Debug|Any CPU
		Release|Any CPU = Release|Any CPU
	EndGlobalSection
	GlobalSection(ProjectConfigurationPlatforms) = postSolution
		{44F4B54B-39AF-4ACB-B604-40FDD1A88A96}.Debug|Any CPU.ActiveCfg = Debug|Any CPU
		{44F4B54B-39AF-4ACB-B604-40FDD1A88A96}.Debug|Any CPU.Build.0 = Debug|Any CPU
		{44F4B54B-39AF-4ACB-B604-40FDD1A88A96}.Release|Any CPU.ActiveCfg = Release|Any CPU
		{44F4B54B-39AF-4ACB-B604-40FDD1A88A96}.Release|Any CPU.Build.0 = Release|Any CPU
	EndGlobalSection
	GlobalSection(SolutionProperties) = preSolution
		HideSolutionNode = FALSE
	EndGlobalSection
	GlobalSection(ExtensibilityGlobals) = postSolution
		SolutionGuid = {B9FB5B15-EA48-42BA-BBC6-3F6526E199E9}
	EndGlobalSection
EndGlobal
